
Microsoft Visual Studio Solution File, Format Version 12.00
# Visual Studio Version 17
VisualStudioVersion = 17.11.35431.28
MinimumVisualStudioVersion = 10.0.40219.1
Project("{FAE04EC0-301F-11D3-BF4B-00C04F79EFBC}") = "HallOfFameSlideshow", "HallOfFameSlideshow\HallOfFameSlideshow.csproj", "{DE73CFC3-D04A-4F04-9CF8-B57FE968795D}"
EndProject
Global
	GlobalSection(SolutionConfigurationPlatforms) = preSolution
		Debug|Any CPU = Debug|Any CPU
		Release|Any CPU = Release|Any CPU
	EndGlobalSection
	GlobalSection(ProjectConfigurationPlatforms) = postSolution
		{DE73CFC3-D04A-4F04-9CF8-B57FE968795D}.Debug|Any CPU.ActiveCfg = Debug|Any CPU
		{DE73CFC3-D04A-4F04-9CF8-B57FE968795D}.Debug|Any CPU.Build.0 = Debug|Any CPU
		{DE73CFC3-D04A-4F04-9CF8-B57FE968795D}.Release|Any CPU.ActiveCfg = Release|Any CPU
		{DE73CFC3-D04A-4F04-9CF8-B57FE968795D}.Release|Any CPU.Build.0 = Release|Any CPU
	EndGlobalSection
	GlobalSection(SolutionProperties) = preSolution
		HideSolutionNode = FALSE
	EndGlobalSection
	GlobalSection(ExtensibilityGlobals) = postSolution
		SolutionGuid = {3F1F20F2-BB3C-48CF-A85F-47A15CD8B878}
	EndGlobalSection
EndGlobal
